dependencies:
- name: k8s-node-image-nginx-1-15
  repository: https://pnnl-miscscripts.github.io/image-library-charts/
  version: 2.0.0
- name: anaconda-nginx
  repository: https://pnnl-miscscripts.github.io/image-library-charts/
  version: 2.0.0
digest: sha256:2e583856e8ad053533ae8f346dc648b2a255128877cc1f651abb0bebfedfdb07
generated: "2019-09-19T04:04:10.027859653Z"
