dependencies:
- name: spark
  repository: https://kubernetes-charts.storage.googleapis.com/
  version: 1.0.0
- name: superset
  repository: https://kubernetes-charts.storage.googleapis.com/
  version: 1.1.7
- name: postgresql
  repository: https://cetic.github.io/helm-charts/
  version: 0.1.2
- name: minio
  repository: https://kubernetes-charts.storage.googleapis.com/
  version: 2.4.18
- name: grafana
  repository: https://kubernetes-charts.storage.googleapis.com/
  version: 3.5.13
- name: jupyterhub
  repository: https://jupyterhub.github.io/helm-chart/
  version: 0.8.2
- name: nifi
  repository: https://cetic.github.io/helm-charts/
  version: 0.2.1
- name: pgadmin
  repository: https://cetic.github.io/helm-charts/
  version: 0.1.11
- name: openldap
  repository: https://kubernetes-charts.storage.googleapis.com/
  version: 1.2.1
- name: phpldapadmin
  repository: https://cetic.github.io/helm-charts/
  version: 0.1.2
- name: kafka
  repository: https://kubernetes-charts-incubator.storage.googleapis.com
  version: 0.19.0
- name: cassandra
  repository: https://kubernetes-charts-incubator.storage.googleapis.com
  version: 0.13.3
- name: elasticsearch
  repository: https://kubernetes-charts.storage.googleapis.com/
  version: 1.32.0
- name: kibana
  repository: https://kubernetes-charts.storage.googleapis.com/
  version: 3.2.4
- name: filebeat
  repository: https://kubernetes-charts.storage.googleapis.com/
  version: 1.7.0
- name: logstash
  repository: https://kubernetes-charts.storage.googleapis.com/
  version: 1.13.0
digest: sha256:2869d546268f8c29ab3361b553e95f74a022d862a1ba9f29afd439d28cffbf6f
generated: "2019-10-22T12:54:09.02547026Z"
