dependencies:
- name: spark
  repository: https://kubernetes-charts.storage.googleapis.com/
  version: 1.0.0
- name: superset
  repository: https://kubernetes-charts.storage.googleapis.com/
  version: 1.1.7
- name: postgresql
  repository: https://cetic.github.io/helm-charts/
  version: 0.1.2
- name: minio
  repository: https://kubernetes-charts.storage.googleapis.com/
  version: 2.4.18
- name: grafana
  repository: https://kubernetes-charts.storage.googleapis.com/
  version: 3.5.13
- name: jupyterhub
  repository: https://jupyterhub.github.io/helm-chart/
  version: 0.8.2
- name: nifi
  repository: https://cetic.github.io/helm-charts/
  version: 0.1.6
- name: pgadmin
  repository: https://cetic.github.io/helm-charts/
  version: 0.1.9
- name: openldap
  repository: https://kubernetes-charts.storage.googleapis.com/
  version: 1.1.0
- name: phpldapadmin
  repository: https://cetic.github.io/helm-charts/
  version: 0.1.2
- name: elastic-stack
  repository: https://kubernetes-charts.storage.googleapis.com/
  version: 1.8.0
- name: kafka
  repository: https://kubernetes-charts-incubator.storage.googleapis.com
  version: 0.1.5
- name: cassandra
  repository: https://kubernetes-charts-incubator.storage.googleapis.com
  version: 0.13.3
digest: sha256:24997c51599e33579f81beebd511c90a16e256280147289a4fe329b9d5df3ab8
generated: "2019-09-06T12:35:17.146505217Z"
