dependencies:
- name: cert-manager
  repository: https://kubernetes-charts.storage.googleapis.com/
  version: v0.4.0
- name: prometheus
  repository: https://kubernetes-charts.storage.googleapis.com/
  version: 5.5.3
- name: postgresql
  repository: https://kubernetes-charts.storage.googleapis.com/
  version: 0.12.0
- name: gitlab-runner
  repository: https://charts.gitlab.io/
  version: 0.10.1
- name: grafana
  repository: https://kubernetes-charts.storage.googleapis.com/
  version: 3.8.15
digest: sha256:cd1b263114f18b2a6d899d01c3f87c24d1e6df50c752a936f88850cb492c9402
generated: "2019-10-30T21:10:17.615424466Z"
