dependencies:
- name: cert-manager
  repository: https://kubernetes-charts.storage.googleapis.com/
  version: v0.4.0
- name: prometheus
  repository: https://kubernetes-charts.storage.googleapis.com/
  version: 5.5.3
- name: postgresql
  repository: https://kubernetes-charts.storage.googleapis.com/
  version: 0.12.0
- name: gitlab-runner
  repository: https://charts.gitlab.io/
  version: 0.9.1
- name: grafana
  repository: https://kubernetes-charts.storage.googleapis.com/
  version: 3.5.12
digest: sha256:c6379e4db4470e25a33489d8c56acc738010de17d2b26df3f6f6786cfb9937fd
generated: "2019-10-07T13:34:49.356072351Z"
