dependencies:
- name: cert-manager
  repository: https://kubernetes-charts.storage.googleapis.com/
  version: v0.4.0
- name: prometheus
  repository: https://kubernetes-charts.storage.googleapis.com/
  version: 5.5.3
- name: postgresql
  repository: https://kubernetes-charts.storage.googleapis.com/
  version: 0.12.0
- name: gitlab-runner
  repository: https://charts.gitlab.io/
  version: 0.9.0
- name: grafana
  repository: https://kubernetes-charts.storage.googleapis.com/
  version: 3.5.12
digest: sha256:7cb2e51370346282e48014122a6360391349c304793fae08634ff547fcd8d081
generated: "2019-10-03T21:47:36.885470267Z"
