dependencies:
- name: bulk-api-adapter-service
  repository: file://./chart-service
  version: 7.1.0
- name: bulk-api-adapter-handler-notification
  repository: file://./chart-handler-notification
  version: 7.1.0
digest: sha256:2c4f6533d254bdc66d287f034a7bcf94d086e39eda9021d35c973b4d8da6952c
generated: 2019-08-30T15:12:40.219916337Z
