dependencies:
- name: central
  repository: file://../central
  version: 7.4.2
- name: ml-api-adapter
  repository: file://../ml-api-adapter
  version: 7.4.1
- name: emailnotifier
  repository: file://../emailnotifier
  version: 7.3.0
- name: account-lookup-service
  repository: file://../account-lookup-service
  version: 7.4.0
- name: quoting-service
  repository: file://../quoting-service
  version: 7.4.0
- name: simulator
  repository: file://../simulator
  version: 7.2.1
- name: mojaloop-bulk
  repository: file://../mojaloop-bulk
  version: 7.4.1
digest: sha256:8750e457977314ee8238ffac496ea2ef239d8478cddb06de25b29fd0b6796b58
generated: 2019-08-30T15:12:45.575470935Z
