dependencies:
- name: central
  repository: file://../central
  version: 8.1.0
- name: ml-api-adapter
  repository: file://../ml-api-adapter
  version: 8.1.0
- name: emailnotifier
  repository: file://../emailnotifier
  version: 8.1.0
- name: account-lookup-service
  repository: file://../account-lookup-service
  version: 8.1.0
- name: quoting-service
  repository: file://../quoting-service
  version: 8.1.0
- name: simulator
  repository: file://../simulator
  version: 8.1.0
- name: mojaloop-bulk
  repository: file://../mojaloop-bulk
  version: 8.1.0
digest: sha256:2d601d46b3d2d6e7cb158ed6c3436a9e9fe3075fed1320a73d70421da3af720d
generated: 2019-10-07T16:43:54.279197296Z
