dependencies:
- name: mysql
  repository: https://kubernetes-charts.storage.googleapis.com/
  version: 1.3.2
- name: rabbitmq
  repository: https://kubernetes-charts.storage.googleapis.com/
  version: 6.7.4
digest: sha256:d538a7ef9248d8b4b1531246a175da70095fc757f44f83260a3dbc498fa52dd4
generated: "2019-11-07T08:24:13.024359944Z"
