dependencies:
- name: minio
  repository: https://kubernetes-charts.storage.googleapis.com/
  version: 2.5.16
- name: any-resource
  repository: https://kiwigrid.github.io/
  version: 0.1.0
digest: sha256:ad3fff5e99d7034a9d2b195ae91cde5263813775601c7ad82007bd2f0d66470d
generated: "2019-10-24T13:55:48.747768465Z"
