dependencies:
- name: bulk-api-adapter
  repository: file://../bulk-api-adapter
  version: 8.1.0
- name: bulk-centralledger
  repository: file://../bulk-centralledger
  version: 8.1.0
- name: mongodb
  repository: https://kubernetes-charts.storage.googleapis.com/
  version: 4.9.0
digest: sha256:6a262f5d38324cfc537697e890177590b16aee1bfb971bea22fd74d42ceb50b7
generated: 2019-10-07T16:43:51.199530549Z
