dependencies:
- name: prometheus
  repository: https://kubernetes-charts.storage.googleapis.com
  version: 7.3.3
- name: grafana
  repository: https://kubernetes-charts.storage.googleapis.com
  version: 1.17.2
digest: sha256:60a4248235ce792b73db3c53d7d37562e1621072d11e8a0571b53662801644ad
generated: 2019-10-07T16:42:58.567543066Z
