dependencies:
- name: cl-handler-bulk-transfer-prepare
  repository: file://./chart-handler-bulk-transfer-prepare
  version: 8.1.0
- name: cl-handler-bulk-transfer-fulfil
  repository: file://./chart-handler-bulk-transfer-fulfil
  version: 8.1.0
- name: cl-handler-bulk-transfer-processing
  repository: file://./chart-handler-bulk-transfer-processing
  version: 8.1.0
digest: sha256:e5ac3fcbd7058a190917bfb77f2f938444011eee9d5aa8c41e8f9bf537044145
generated: 2019-10-08T16:39:51.647840396Z
